
Microsoft Visual Studio Solution File, Format Version 12.00
# Visual Studio Version 17
VisualStudioVersion = 17.8.34316.72
MinimumVisualStudioVersion = 10.0.40219.1
Project("{9A19103F-16F7-4668-BE54-9A1E7A4F7556}") = "HealthChecks", "HealthChecks\HealthChecks.csproj", "{47DA3A66-0A21-49B5-8FED-B3720EAA3A2D}"
EndProject
Global
	GlobalSection(SolutionConfigurationPlatforms) = preSolution
		Debug|Any CPU = Debug|Any CPU
		Release|Any CPU = Release|Any CPU
	EndGlobalSection
	GlobalSection(ProjectConfigurationPlatforms) = postSolution
		{47DA3A66-0A21-49B5-8FED-B3720EAA3A2D}.Debug|Any CPU.ActiveCfg = Debug|Any CPU
		{47DA3A66-0A21-49B5-8FED-B3720EAA3A2D}.Debug|Any CPU.Build.0 = Debug|Any CPU
		{47DA3A66-0A21-49B5-8FED-B3720EAA3A2D}.Release|Any CPU.ActiveCfg = Release|Any CPU
		{47DA3A66-0A21-49B5-8FED-B3720EAA3A2D}.Release|Any CPU.Build.0 = Release|Any CPU
	EndGlobalSection
	GlobalSection(SolutionProperties) = preSolution
		HideSolutionNode = FALSE
	EndGlobalSection
	GlobalSection(ExtensibilityGlobals) = postSolution
		SolutionGuid = {51DC2B2E-63B5-47B8-BEFB-BE4D85DD06CE}
	EndGlobalSection
EndGlobal
